{
	"name": "async-examples",
	"version": "0.0.1",
	"lockfileVersion": 2,
	"requires": true,
	"packages": {
		"": {
			"name": "async-examples",
			"version": "0.0.1",
			"dependencies": {
				"async": "*",
				"colors": "^1.4.0",
				"levelup": "*"
			}
		},
		"node_modules/abstract-leveldown": {
			"version": "7.2.0",
			"resolved": "https://registry.npmjs.org/abstract-leveldown/-/abstract-leveldown-7.2.0.tgz",
			"integrity": "sha512-DnhQwcFEaYsvYDnACLZhMmCWd3rkOeEvglpa4q5i/5Jlm3UIsWaxVzuXvDLFCSCWRO3yy2/+V/G7FusFgejnfQ==",
			"dependencies": {
				"buffer": "^6.0.3",
				"catering": "^2.0.0",
				"is-buffer": "^2.0.5",
				"level-concat-iterator": "^3.0.0",
				"level-supports": "^2.0.1",
				"queue-microtask": "^1.2.3"
			},
			"engines": {
				"node": ">=10"
			}
		},
		"node_modules/async": {
			"version": "3.2.4",
			"resolved": "https://registry.npmjs.org/async/-/async-3.2.4.tgz",
			"integrity": "sha512-iAB+JbDEGXhyIUavoDl9WP/Jj106Kz9DEn1DPgYw5ruDn0e3Wgi3sKFm55sASdGBNOQB8F59d9qQ7deqrHA8wQ=="
		},
		"node_modules/base64-js": {
			"version": "1.5.1",
			"resolved": "https://registry.npmjs.org/base64-js/-/base64-js-1.5.1.tgz",
			"integrity": "sha512-AKpaYlHn8t4SVbOHCy+b5+KKgvR4vrsD8vbvrbiQJps7fKDTkjkDry6ji0rUJjC0kzbNePLwzxq8iypo41qeWA==",
			"funding": [
				{
					"type": "github",
					"url": "https://github.com/sponsors/feross"
				},
				{
					"type": "patreon",
					"url": "https://www.patreon.com/feross"
				},
				{
					"type": "consulting",
					"url": "https://feross.org/support"
				}
			]
		},
		"node_modules/buffer": {
			"version": "6.0.3",
			"resolved": "https://registry.npmjs.org/buffer/-/buffer-6.0.3.tgz",
			"integrity": "sha512-FTiCpNxtwiZZHEZbcbTIcZjERVICn9yq/pDFkTl95/AxzD1naBctN7YO68riM/gLSDY7sdrMby8hofADYuuqOA==",
			"funding": [
				{
					"type": "github",
					"url": "https://github.com/sponsors/feross"
				},
				{
					"type": "patreon",
					"url": "https://www.patreon.com/feross"
				},
				{
					"type": "consulting",
					"url": "https://feross.org/support"
				}
			],
			"dependencies": {
				"base64-js": "^1.3.1",
				"ieee754": "^1.2.1"
			}
		},
		"node_modules/catering": {
			"version": "2.1.1",
			"resolved": "https://registry.npmjs.org/catering/-/catering-2.1.1.tgz",
			"integrity": "sha512-K7Qy8O9p76sL3/3m7/zLKbRkyOlSZAgzEaLhyj2mXS8PsCud2Eo4hAb8aLtZqHh0QGqLcb9dlJSu6lHRVENm1w==",
			"engines": {
				"node": ">=6"
			}
		},
		"node_modules/colors": {
			"version": "1.4.0",
			"resolved": "https://registry.npmjs.org/colors/-/colors-1.4.0.tgz",
			"integrity": "sha512-a+UqTh4kgZg/SlGvfbzDHpgRu7AAQOmmqRHJnxhRZICKFUT91brVhNNt58CMWU9PsBbv3PDCZUHbVxuDiH2mtA==",
			"engines": {
				"node": ">=0.1.90"
			}
		},
		"node_modules/deferred-leveldown": {
			"version": "7.0.0",
			"resolved": "https://registry.npmjs.org/deferred-leveldown/-/deferred-leveldown-7.0.0.tgz",
			"integrity": "sha512-QKN8NtuS3BC6m0B8vAnBls44tX1WXAFATUsJlruyAYbZpysWV3siH6o/i3g9DCHauzodksO60bdj5NazNbjCmg==",
			"dependencies": {
				"abstract-leveldown": "^7.2.0",
				"inherits": "^2.0.3"
			},
			"engines": {
				"node": ">=10"
			}
		},
		"node_modules/ieee754": {
			"version": "1.2.1",
			"resolved": "https://registry.npmjs.org/ieee754/-/ieee754-1.2.1.tgz",
			"integrity": "sha512-dcyqhDvX1C46lXZcVqCpK+FtMRQVdIMN6/Df5js2zouUsqG7I6sFxitIC+7KYK29KdXOLHdu9zL4sFnoVQnqaA==",
			"funding": [
				{
					"type": "github",
					"url": "https://github.com/sponsors/feross"
				},
				{
					"type": "patreon",
					"url": "https://www.patreon.com/feross"
				},
				{
					"type": "consulting",
					"url": "https://feross.org/support"
				}
			]
		},
		"node_modules/inherits": {
			"version": "2.0.4",
			"resolved": "https://registry.npmjs.org/inherits/-/inherits-2.0.4.tgz",
			"integrity": "sha512-k/vGaX4/Yla3WzyMCvTQOXYeIHvqOKtnqBduzTHpzpQZzAskKMhZ2K+EnBiSM9zGSoIFeMpXKxa4dYeZIQqewQ=="
		},
		"node_modules/is-buffer": {
			"version": "2.0.5",
			"resolved": "https://registry.npmjs.org/is-buffer/-/is-buffer-2.0.5.tgz",
			"integrity": "sha512-i2R6zNFDwgEHJyQUtJEk0XFi1i0dPFn/oqjK3/vPCcDeJvW5NQ83V8QbicfF1SupOaB0h8ntgBC2YiE7dfyctQ==",
			"funding": [
				{
					"type": "github",
					"url": "https://github.com/sponsors/feross"
				},
				{
					"type": "patreon",
					"url": "https://www.patreon.com/feross"
				},
				{
					"type": "consulting",
					"url": "https://feross.org/support"
				}
			],
			"engines": {
				"node": ">=4"
			}
		},
		"node_modules/level-concat-iterator": {
			"version": "3.1.0",
			"resolved": "https://registry.npmjs.org/level-concat-iterator/-/level-concat-iterator-3.1.0.tgz",
			"integrity": "sha512-BWRCMHBxbIqPxJ8vHOvKUsaO0v1sLYZtjN3K2iZJsRBYtp+ONsY6Jfi6hy9K3+zolgQRryhIn2NRZjZnWJ9NmQ==",
			"dependencies": {
				"catering": "^2.1.0"
			},
			"engines": {
				"node": ">=10"
			}
		},
		"node_modules/level-errors": {
			"version": "3.0.1",
			"resolved": "https://registry.npmjs.org/level-errors/-/level-errors-3.0.1.tgz",
			"integrity": "sha512-tqTL2DxzPDzpwl0iV5+rBCv65HWbHp6eutluHNcVIftKZlQN//b6GEnZDM2CvGZvzGYMwyPtYppYnydBQd2SMQ==",
			"engines": {
				"node": ">=10"
			}
		},
		"node_modules/level-iterator-stream": {
			"version": "5.0.0",
			"resolved": "https://registry.npmjs.org/level-iterator-stream/-/level-iterator-stream-5.0.0.tgz",
			"integrity": "sha512-wnb1+o+CVFUDdiSMR/ZymE2prPs3cjVLlXuDeSq9Zb8o032XrabGEXcTCsBxprAtseO3qvFeGzh6406z9sOTRA==",
			"dependencies": {
				"inherits": "^2.0.4",
				"readable-stream": "^3.4.0"
			},
			"engines": {
				"node": ">=10"
			}
		},
		"node_modules/level-supports": {
			"version": "2.1.0",
			"resolved": "https://registry.npmjs.org/level-supports/-/level-supports-2.1.0.tgz",
			"integrity": "sha512-E486g1NCjW5cF78KGPrMDRBYzPuueMZ6VBXHT6gC7A8UYWGiM14fGgp+s/L1oFfDWSPV/+SFkYCmZ0SiESkRKA==",
			"engines": {
				"node": ">=10"
			}
		},
		"node_modules/levelup": {
			"version": "5.1.1",
			"resolved": "https://registry.npmjs.org/levelup/-/levelup-5.1.1.tgz",
			"integrity": "sha512-0mFCcHcEebOwsQuk00WJwjLI6oCjbBuEYdh/RaRqhjnyVlzqf41T1NnDtCedumZ56qyIh8euLFDqV1KfzTAVhg==",
			"dependencies": {
				"catering": "^2.0.0",
				"deferred-leveldown": "^7.0.0",
				"level-errors": "^3.0.1",
				"level-iterator-stream": "^5.0.0",
				"level-supports": "^2.0.1",
				"queue-microtask": "^1.2.3"
			},
			"engines": {
				"node": ">=10"
			}
		},
		"node_modules/queue-microtask": {
			"version": "1.2.3",
			"resolved": "https://registry.npmjs.org/queue-microtask/-/queue-microtask-1.2.3.tgz",
			"integrity": "sha512-NuaNSa6flKT5JaSYQzJok04JzTL1CA6aGhv5rfLW3PgqA+M2ChpZQnAC8h8i4ZFkBS8X5RqkDBHA7r4hej3K9A==",
			"funding": [
				{
					"type": "github",
					"url": "https://github.com/sponsors/feross"
				},
				{
					"type": "patreon",
					"url": "https://www.patreon.com/feross"
				},
				{
					"type": "consulting",
					"url": "https://feross.org/support"
				}
			]
		},
		"node_modules/readable-stream": {
			"version": "3.6.0",
			"resolved": "https://registry.npmjs.org/readable-stream/-/readable-stream-3.6.0.tgz",
			"integrity": "sha512-BViHy7LKeTz4oNnkcLJ+lVSL6vpiFeX6/d3oSH8zCW7UxP2onchk+vTGB143xuFjHS3deTgkKoXXymXqymiIdA==",
			"dependencies": {
				"inherits": "^2.0.3",
				"string_decoder": "^1.1.1",
				"util-deprecate": "^1.0.1"
			},
			"engines": {
				"node": ">= 6"
			}
		},
		"node_modules/safe-buffer": {
			"version": "5.2.1",
			"resolved": "https://registry.npmjs.org/safe-buffer/-/safe-buffer-5.2.1.tgz",
			"integrity": "sha512-rp3So07KcdmmKbGvgaNxQSJr7bGVSVk5S9Eq1F+ppbRo70+YeaDxkw5Dd8NPN+GD6bjnYm2VuPuCXmpuYvmCXQ==",
			"funding": [
				{
					"type": "github",
					"url": "https://github.com/sponsors/feross"
				},
				{
					"type": "patreon",
					"url": "https://www.patreon.com/feross"
				},
				{
					"type": "consulting",
					"url": "https://feross.org/support"
				}
			]
		},
		"node_modules/string_decoder": {
			"version": "1.3.0",
			"resolved": "https://registry.npmjs.org/string_decoder/-/string_decoder-1.3.0.tgz",
			"integrity": "sha512-hkRX8U1WjJFd8LsDJ2yQ/wWWxaopEsABU1XfkM8A+j0+85JAGppt16cr1Whg6KIbb4okU6Mql6BOj+uup/wKeA==",
			"dependencies": {
				"safe-buffer": "~5.2.0"
			}
		},
		"node_modules/util-deprecate": {
			"version": "1.0.2",
			"resolved": "https://registry.npmjs.org/util-deprecate/-/util-deprecate-1.0.2.tgz",
			"integrity": "sha512-EPD5q1uXyFxJpCrLnCc1nHnq3gOa6DZBocAIiI2TaSCA7VCJ1UJDMagCzIkXNsUYfD1daK//LTEQ8xiIbrHtcw=="
		}
	},
	"dependencies": {
		"abstract-leveldown": {
			"version": "7.2.0",
			"resolved": "https://registry.npmjs.org/abstract-leveldown/-/abstract-leveldown-7.2.0.tgz",
			"integrity": "sha512-DnhQwcFEaYsvYDnACLZhMmCWd3rkOeEvglpa4q5i/5Jlm3UIsWaxVzuXvDLFCSCWRO3yy2/+V/G7FusFgejnfQ==",
			"requires": {
				"buffer": "^6.0.3",
				"catering": "^2.0.0",
				"is-buffer": "^2.0.5",
				"level-concat-iterator": "^3.0.0",
				"level-supports": "^2.0.1",
				"queue-microtask": "^1.2.3"
			}
		},
		"async": {
			"version": "3.2.4",
			"resolved": "https://registry.npmjs.org/async/-/async-3.2.4.tgz",
			"integrity": "sha512-iAB+JbDEGXhyIUavoDl9WP/Jj106Kz9DEn1DPgYw5ruDn0e3Wgi3sKFm55sASdGBNOQB8F59d9qQ7deqrHA8wQ=="
		},
		"base64-js": {
			"version": "1.5.1",
			"resolved": "https://registry.npmjs.org/base64-js/-/base64-js-1.5.1.tgz",
			"integrity": "sha512-AKpaYlHn8t4SVbOHCy+b5+KKgvR4vrsD8vbvrbiQJps7fKDTkjkDry6ji0rUJjC0kzbNePLwzxq8iypo41qeWA=="
		},
		"buffer": {
			"version": "6.0.3",
			"resolved": "https://registry.npmjs.org/buffer/-/buffer-6.0.3.tgz",
			"integrity": "sha512-FTiCpNxtwiZZHEZbcbTIcZjERVICn9yq/pDFkTl95/AxzD1naBctN7YO68riM/gLSDY7sdrMby8hofADYuuqOA==",
			"requires": {
				"base64-js": "^1.3.1",
				"ieee754": "^1.2.1"
			}
		},
		"catering": {
			"version": "2.1.1",
			"resolved": "https://registry.npmjs.org/catering/-/catering-2.1.1.tgz",
			"integrity": "sha512-K7Qy8O9p76sL3/3m7/zLKbRkyOlSZAgzEaLhyj2mXS8PsCud2Eo4hAb8aLtZqHh0QGqLcb9dlJSu6lHRVENm1w=="
		},
		"colors": {
			"version": "1.4.0",
			"resolved": "https://registry.npmjs.org/colors/-/colors-1.4.0.tgz",
			"integrity": "sha512-a+UqTh4kgZg/SlGvfbzDHpgRu7AAQOmmqRHJnxhRZICKFUT91brVhNNt58CMWU9PsBbv3PDCZUHbVxuDiH2mtA=="
		},
		"deferred-leveldown": {
			"version": "7.0.0",
			"resolved": "https://registry.npmjs.org/deferred-leveldown/-/deferred-leveldown-7.0.0.tgz",
			"integrity": "sha512-QKN8NtuS3BC6m0B8vAnBls44tX1WXAFATUsJlruyAYbZpysWV3siH6o/i3g9DCHauzodksO60bdj5NazNbjCmg==",
			"requires": {
				"abstract-leveldown": "^7.2.0",
				"inherits": "^2.0.3"
			}
		},
		"ieee754": {
			"version": "1.2.1",
			"resolved": "https://registry.npmjs.org/ieee754/-/ieee754-1.2.1.tgz",
			"integrity": "sha512-dcyqhDvX1C46lXZcVqCpK+FtMRQVdIMN6/Df5js2zouUsqG7I6sFxitIC+7KYK29KdXOLHdu9zL4sFnoVQnqaA=="
		},
		"inherits": {
			"version": "2.0.4",
			"resolved": "https://registry.npmjs.org/inherits/-/inherits-2.0.4.tgz",
			"integrity": "sha512-k/vGaX4/Yla3WzyMCvTQOXYeIHvqOKtnqBduzTHpzpQZzAskKMhZ2K+EnBiSM9zGSoIFeMpXKxa4dYeZIQqewQ=="
		},
		"is-buffer": {
			"version": "2.0.5",
			"resolved": "https://registry.npmjs.org/is-buffer/-/is-buffer-2.0.5.tgz",
			"integrity": "sha512-i2R6zNFDwgEHJyQUtJEk0XFi1i0dPFn/oqjK3/vPCcDeJvW5NQ83V8QbicfF1SupOaB0h8ntgBC2YiE7dfyctQ=="
		},
		"level-concat-iterator": {
			"version": "3.1.0",
			"resolved": "https://registry.npmjs.org/level-concat-iterator/-/level-concat-iterator-3.1.0.tgz",
			"integrity": "sha512-BWRCMHBxbIqPxJ8vHOvKUsaO0v1sLYZtjN3K2iZJsRBYtp+ONsY6Jfi6hy9K3+zolgQRryhIn2NRZjZnWJ9NmQ==",
			"requires": {
				"catering": "^2.1.0"
			}
		},
		"level-errors": {
			"version": "3.0.1",
			"resolved": "https://registry.npmjs.org/level-errors/-/level-errors-3.0.1.tgz",
			"integrity": "sha512-tqTL2DxzPDzpwl0iV5+rBCv65HWbHp6eutluHNcVIftKZlQN//b6GEnZDM2CvGZvzGYMwyPtYppYnydBQd2SMQ=="
		},
		"level-iterator-stream": {
			"version": "5.0.0",
			"resolved": "https://registry.npmjs.org/level-iterator-stream/-/level-iterator-stream-5.0.0.tgz",
			"integrity": "sha512-wnb1+o+CVFUDdiSMR/ZymE2prPs3cjVLlXuDeSq9Zb8o032XrabGEXcTCsBxprAtseO3qvFeGzh6406z9sOTRA==",
			"requires": {
				"inherits": "^2.0.4",
				"readable-stream": "^3.4.0"
			}
		},
		"level-supports": {
			"version": "2.1.0",
			"resolved": "https://registry.npmjs.org/level-supports/-/level-supports-2.1.0.tgz",
			"integrity": "sha512-E486g1NCjW5cF78KGPrMDRBYzPuueMZ6VBXHT6gC7A8UYWGiM14fGgp+s/L1oFfDWSPV/+SFkYCmZ0SiESkRKA=="
		},
		"levelup": {
			"version": "5.1.1",
			"resolved": "https://registry.npmjs.org/levelup/-/levelup-5.1.1.tgz",
			"integrity": "sha512-0mFCcHcEebOwsQuk00WJwjLI6oCjbBuEYdh/RaRqhjnyVlzqf41T1NnDtCedumZ56qyIh8euLFDqV1KfzTAVhg==",
			"requires": {
				"catering": "^2.0.0",
				"deferred-leveldown": "^7.0.0",
				"level-errors": "^3.0.1",
				"level-iterator-stream": "^5.0.0",
				"level-supports": "^2.0.1",
				"queue-microtask": "^1.2.3"
			}
		},
		"queue-microtask": {
			"version": "1.2.3",
			"resolved": "https://registry.npmjs.org/queue-microtask/-/queue-microtask-1.2.3.tgz",
			"integrity": "sha512-NuaNSa6flKT5JaSYQzJok04JzTL1CA6aGhv5rfLW3PgqA+M2ChpZQnAC8h8i4ZFkBS8X5RqkDBHA7r4hej3K9A=="
		},
		"readable-stream": {
			"version": "3.6.0",
			"resolved": "https://registry.npmjs.org/readable-stream/-/readable-stream-3.6.0.tgz",
			"integrity": "sha512-BViHy7LKeTz4oNnkcLJ+lVSL6vpiFeX6/d3oSH8zCW7UxP2onchk+vTGB143xuFjHS3deTgkKoXXymXqymiIdA==",
			"requires": {
				"inherits": "^2.0.3",
				"string_decoder": "^1.1.1",
				"util-deprecate": "^1.0.1"
			}
		},
		"safe-buffer": {
			"version": "5.2.1",
			"resolved": "https://registry.npmjs.org/safe-buffer/-/safe-buffer-5.2.1.tgz",
			"integrity": "sha512-rp3So07KcdmmKbGvgaNxQSJr7bGVSVk5S9Eq1F+ppbRo70+YeaDxkw5Dd8NPN+GD6bjnYm2VuPuCXmpuYvmCXQ=="
		},
		"string_decoder": {
			"version": "1.3.0",
			"resolved": "https://registry.npmjs.org/string_decoder/-/string_decoder-1.3.0.tgz",
			"integrity": "sha512-hkRX8U1WjJFd8LsDJ2yQ/wWWxaopEsABU1XfkM8A+j0+85JAGppt16cr1Whg6KIbb4okU6Mql6BOj+uup/wKeA==",
			"requires": {
				"safe-buffer": "~5.2.0"
			}
		},
		"util-deprecate": {
			"version": "1.0.2",
			"resolved": "https://registry.npmjs.org/util-deprecate/-/util-deprecate-1.0.2.tgz",
			"integrity": "sha512-EPD5q1uXyFxJpCrLnCc1nHnq3gOa6DZBocAIiI2TaSCA7VCJ1UJDMagCzIkXNsUYfD1daK//LTEQ8xiIbrHtcw=="
		}
	}
}
